
Microsoft Visual Studio Solution File, Format Version 12.00
# Visual Studio Version 17
VisualStudioVersion = 17.5.33516.290
MinimumVisualStudioVersion = 10.0.40219.1
Project("{FAE04EC0-301F-11D3-BF4B-00C04F79EFBC}") = "TOP_Games", "TOP_Games.csproj", "{FEC140EA-85A0-4501-81D2-34A875604741}"
EndProject
Global
	GlobalSection(SolutionConfigurationPlatforms) = preSolution
		Debug|Any CPU = Debug|Any CPU
		Release|Any CPU = Release|Any CPU
	EndGlobalSection
	GlobalSection(ProjectConfigurationPlatforms) = postSolution
		{FEC140EA-85A0-4501-81D2-34A875604741}.Debug|Any CPU.ActiveCfg = Debug|Any CPU
		{FEC140EA-85A0-4501-81D2-34A875604741}.Debug|Any CPU.Build.0 = Debug|Any CPU
		{FEC140EA-85A0-4501-81D2-34A875604741}.Release|Any CPU.ActiveCfg = Release|Any CPU
		{FEC140EA-85A0-4501-81D2-34A875604741}.Release|Any CPU.Build.0 = Release|Any CPU
	EndGlobalSection
	GlobalSection(SolutionProperties) = preSolution
		HideSolutionNode = FALSE
	EndGlobalSection
	GlobalSection(ExtensibilityGlobals) = postSolution
		SolutionGuid = {E26290A6-8991-4C7A-930A-A9088AE58E63}
	EndGlobalSection
EndGlobal
